lockfileVersion: '6.0'

devDependencies:
  '@prisma/client':
    specifier: ^4.14.0
    version: 4.14.0(prisma@4.14.0)
  '@types/node':
    specifier: ^20.1.7
    version: 20.1.7
  '@upstash/redis':
    specifier: ^1.20.6
    version: 1.20.6
  prettier:
    specifier: ^2.8.8
    version: 2.8.8
  prisma:
    specifier: ^4.14.0
    version: 4.14.0
  typescript:
    specifier: ^5.0.4
    version: 5.0.4

packages:

  /@prisma/client@4.14.0(prisma@4.14.0):
    resolution: {integrity: sha512-MK/XaA2sFdfaOa7I9MjNKz6dxeIEdeZlnpNRoF2w3JuRLlFJLkpp6cD3yaqw2nUUhbrn3Iqe3ZpVV+VuGGil7Q==}
    engines: {node: '>=14.17'}
    requiresBuild: true
    peerDependencies:
      prisma: '*'
    peerDependenciesMeta:
      prisma:
        optional: true
    dependencies:
      '@prisma/engines-version': 4.14.0-67.d9a4c5988f480fa576d43970d5a23641aa77bc9c
      prisma: 4.14.0
    dev: true

  /@prisma/engines-version@4.14.0-67.d9a4c5988f480fa576d43970d5a23641aa77bc9c:
    resolution: {integrity: sha512-3jum8/YSudeSN0zGW5qkpz+wAN2V/NYCQ+BPjvHYDfWatLWlQkqy99toX0GysDeaUoBIJg1vaz2yKqiA3CFcQw==}
    dev: true

  /@prisma/engines@4.14.0:
    resolution: {integrity: sha512-PDNlhP/1vyTgmNyiucGqGCdXIp7HIkkvKO50si3y3PcceeHvqtiKPaH1iJdz63jCWMVMbj2MElSxXPOeBvEVIQ==}
    requiresBuild: true
    dev: true

  /@types/node@20.1.7:
    resolution: {integrity: sha512-WCuw/o4GSwDGMoonES8rcvwsig77dGCMbZDrZr2x4ZZiNW4P/gcoZXe/0twgtobcTkmg9TuKflxYL/DuwDyJzg==}
    dev: true

  /@upstash/redis@1.20.6:
    resolution: {integrity: sha512-q1izaYEUsq/WiXNOjf4oOjFZe8fIeBSZN8d5cEyOD4nem+zxc4jccieorQQrNlEahKPE1ZYLzVEkMODRUfch2g==}
    dependencies:
      isomorphic-fetch: 3.0.0
    transitivePeerDependencies:
      - encoding
    dev: true

  /isomorphic-fetch@3.0.0:
    resolution: {integrity: sha512-qvUtwJ3j6qwsF3jLxkZ72qCgjMysPzDfeV240JHiGZsANBYd+EEuu35v7dfrJ9Up0Ak07D7GGSkGhCHTqg/5wA==}
    dependencies:
      node-fetch: 2.6.11
      whatwg-fetch: 3.6.2
    transitivePeerDependencies:
      - encoding
    dev: true

  /node-fetch@2.6.11:
    resolution: {integrity: sha512-4I6pdBY1EthSqDmJkiNk3JIT8cswwR9nfeW/cPdUagJYEQG7R95WRH74wpz7ma8Gh/9dI9FP+OU+0E4FvtA55w==}
    engines: {node: 4.x || >=6.0.0}
    peerDependencies:
      encoding: ^0.1.0
    peerDependenciesMeta:
      encoding:
        optional: true
    dependencies:
      whatwg-url: 5.0.0
    dev: true

  /prettier@2.8.8:
    resolution: {integrity: sha512-tdN8qQGvNjw4CHbY+XXk0JgCXn9QiF21a55rBe5LJAU+kDyC4WQn4+awm2Xfk2lQMk5fKup9XgzTZtGkjBdP9Q==}
    engines: {node: '>=10.13.0'}
    hasBin: true
    dev: true

  /prisma@4.14.0:
    resolution: {integrity: sha512-+5dMl1uxMQb4RepndY6AwR9xi1cDcaGFICu+ws6/Nmgt93mFPNj8tYxSfTdmfg+rkNrUId9rk/Ac2vTgLe/oXA==}
    engines: {node: '>=14.17'}
    hasBin: true
    requiresBuild: true
    dependencies:
      '@prisma/engines': 4.14.0
    dev: true

  /tr46@0.0.3:
    resolution: {integrity: sha512-N3WMsuqV66lT30CrXNbEjx4GEwlow3v6rr4mCcv6prnfwhS01rkgyFdjPNBYd9br7LpXV1+Emh01fHnq2Gdgrw==}
    dev: true

  /typescript@5.0.4:
    resolution: {integrity: sha512-cW9T5W9xY37cc+jfEnaUvX91foxtHkza3Nw3wkoF4sSlKn0MONdkdEndig/qPBWXNkmplh3NzayQzCiHM4/hqw==}
    engines: {node: '>=12.20'}
    hasBin: true
    dev: true

  /webidl-conversions@3.0.1:
    resolution: {integrity: sha512-2JAn3z8AR6rjK8Sm8orRC0h/bcl/DqL7tRPdGZ4I1CjdF+EaMLmYxBHyXuKL849eucPFhvBoxMsflfOb8kxaeQ==}
    dev: true

  /whatwg-fetch@3.6.2:
    resolution: {integrity: sha512-bJlen0FcuU/0EMLrdbJ7zOnW6ITZLrZMIarMUVmdKtsGvZna8vxKYaexICWPfZ8qwf9fzNq+UEIZrnSaApt6RA==}
    dev: true

  /whatwg-url@5.0.0:
    resolution: {integrity: sha512-saE57nupxk6v3HY35+jzBwYa0rKSy0XR8JSxZPwgLr7ys0IBzhGviA1/TUGJLmSVqs8pb9AnvICXEuOHLprYTw==}
    dependencies:
      tr46: 0.0.3
      webidl-conversions: 3.0.1
    dev: true
